<?xml version="1.0" encoding="utf-8"?>
<Project ToolsVersion="4.0" xmlns="http://schemas.microsoft.com/developer/msbuild/2003">
  <ItemGroup>
    <Filter Include="Source Files">
      <UniqueIdentifier>{4FC737F1-C7A5-4376-A066-2A32D752A2FF}</UniqueIdentifier>
      <Extensions>cpp;c;cc;cxx;def;odl;idl;hpj;bat;asm;asmx</Extensions>
    </Filter>
    <Filter Include="Header Files">
      <UniqueIdentifier>{93995380-89BD-4b04-88EB-625FBE52EBFB}</UniqueIdentifier>
      <Extensions>h;hh;hpp;hxx;hm;inl;inc;xsd</Extensions>
    </Filter>
    <Filter Include="Resource Files">
      <UniqueIdentifier>{67DA6AB6-F800-4c08-8B7A-83BB121AAD01}</UniqueIdentifier>
      <Extensions>rc;ico;cur;bmp;dlg;rc2;rct;bin;rgs;gif;jpg;jpeg;jpe;resx;tiff;tif;png;wav;mfcribbon-ms</Extensions>
    </Filter>
    <Filter Include="Header Files\MFC">
      <UniqueIdentifier>{7ecd3ca3-58aa-43b8-b84b-ab1ded48f684}</UniqueIdentifier>
    </Filter>
    <Filter Include="Source Files\MFC">
      <UniqueIdentifier>{e16536f0-6ac7-4fa9-9645-d288ac19796b}</UniqueIdentifier>
    </Filter>
    <Filter Include="Header Files\Engine">
      <UniqueIdentifier>{d630e857-f05c-43da-90fa-5d4efec86e33}</UniqueIdentifier>
    </Filter>
    <Filter Include="Source Files\Engine">
      <UniqueIdentifier>{5144b23c-78ed-444e-aca6-081654d9917e}</UniqueIdentifier>
    </Filter>
    <Filter Include="Header Files\Engine\Gameobject">
      <UniqueIdentifier>{1461ae8a-7ddb-467b-9904-6b05bd3dca9b}</UniqueIdentifier>
    </Filter>
    <Filter Include="Source Files\Engine\Gameobject">
      <UniqueIdentifier>{50cbb57d-c2ca-4714-b2ea-7299f5c2fd4c}</UniqueIdentifier>
    </Filter>
    <Filter Include="Source Files\MFC\Dialogs">
      <UniqueIdentifier>{27c5a153-947e-49ff-95a4-1510ac21a050}</UniqueIdentifier>
    </Filter>
    <Filter Include="Source Files\Engine\Gameobject\Custom Scripts">
      <UniqueIdentifier>{3dd42948-6494-4ec3-8b17-bb3abf9d0a72}</UniqueIdentifier>
    </Filter>
    <Filter Include="Header Files\Engine\Gameobject\Custom Scripts">
      <UniqueIdentifier>{4114f29f-363c-4786-a56d-625fc7804565}</UniqueIdentifier>
    </Filter>
    <Filter Include="Header Files\Engine\Physics">
      <UniqueIdentifier>{d44bf935-5d9e-4dd4-9da5-8251aeac43ac}</UniqueIdentifier>
    </Filter>
    <Filter Include="Source Files\Engine\Gameobject\Physics">
      <UniqueIdentifier>{9b6e51b0-b3a4-4e86-bea4-79e20eb98122}</UniqueIdentifier>
    </Filter>
    <Filter Include="Header Files\MFC\Dialogs">
      <UniqueIdentifier>{e0be266a-2489-4e6d-9e2a-d80e193d2958}</UniqueIdentifier>
    </Filter>
  </ItemGroup>
  <ItemGroup>
    <ClInclude Include="_SourceFiles\resource.h">
      <Filter>Header Files</Filter>
    </ClInclude>
    <ClInclude Include="_SourceFiles\MainWin.h">
      <Filter>Header Files\MFC</Filter>
    </ClInclude>
    <ClInclude Include="_SourceFiles\MainApp.h">
      <Filter>Header Files\MFC</Filter>
    </ClInclude>
    <ClInclude Include="_SourceFiles\MainDoc.h">
      <Filter>Header Files\MFC</Filter>
    </ClInclude>
    <ClInclude Include="_SourceFiles\MainView.h">
      <Filter>Header Files\MFC</Filter>
    </ClInclude>
    <ClInclude Include="_SourceFiles\D3DGraphics.h">
      <Filter>Header Files\Engine</Filter>
    </ClInclude>
    <ClInclude Include="_SourceFiles\Project.h">
      <Filter>Header Files\Engine</Filter>
    </ClInclude>
    <ClInclude Include="_SourceFiles\Scene.h">
      <Filter>Header Files\Engine</Filter>
    </ClInclude>
    <ClInclude Include="_SourceFiles\SceneRenderer.h">
      <Filter>Header Files\Engine</Filter>
    </ClInclude>
    <ClInclude Include="_SourceFiles\Gameobject.h">
      <Filter>Header Files\Engine\Gameobject</Filter>
    </ClInclude>
    <ClInclude Include="_SourceFiles\Component.h">
      <Filter>Header Files\Engine\Gameobject</Filter>
    </ClInclude>
    <ClInclude Include="_SourceFiles\Transform.h">
      <Filter>Header Files\Engine\Gameobject</Filter>
    </ClInclude>
    <ClInclude Include="_SourceFiles\Mesh.h">
      <Filter>Header Files\Engine\Gameobject</Filter>
    </ClInclude>
    <ClInclude Include="_SourceFiles\DialogObjProp.h">
      <Filter>Header Files\MFC\Dialogs</Filter>
    </ClInclude>
    <ClInclude Include="_SourceFiles\MeshRenderer.h">
      <Filter>Header Files\Engine\Gameobject</Filter>
    </ClInclude>
    <ClInclude Include="_SourceFiles\Camera.h">
      <Filter>Header Files\Engine\Gameobject</Filter>
    </ClInclude>
    <ClInclude Include="_SourceFiles\PrimitiveDefinitions.h">
      <Filter>Header Files\Engine</Filter>
    </ClInclude>
    <ClInclude Include="_SourceFiles\Light.h">
      <Filter>Header Files\Engine\Gameobject</Filter>
    </ClInclude>
    <ClInclude Include="_SourceFiles\DialogObjList.h">
      <Filter>Header Files\MFC\Dialogs</Filter>
    </ClInclude>
    <ClInclude Include="_SourceFiles\CustomBehaviour.h">
      <Filter>Header Files\Engine\Gameobject\Custom Scripts</Filter>
    </ClInclude>
    <ClInclude Include="_SourceFiles\KeyboardInput.h">
      <Filter>Header Files\Engine</Filter>
    </ClInclude>
    <ClInclude Include="_SourceFiles\Vector.h">
      <Filter>Header Files\Engine\Physics</Filter>
    </ClInclude>
    <ClInclude Include="_SourceFiles\PhysicsController.h">
      <Filter>Header Files\Engine\Physics</Filter>
    </ClInclude>
    <ClInclude Include="_SourceFiles\GlobalPointers.h">
      <Filter>Header Files</Filter>
    </ClInclude>
    <ClInclude Include="_SourceFiles\Console.h">
      <Filter>Header Files\Engine</Filter>
    </ClInclude>
    <ClInclude Include="_SourceFiles\MainSplitter.h">
      <Filter>Header Files\MFC</Filter>
    </ClInclude>
    <ClInclude Include="_SourceFiles\PlayerControl.h">
      <Filter>Header Files\Engine\Gameobject\Custom Scripts</Filter>
    </ClInclude>
    <ClInclude Include="_SourceFiles\MouseInput.h">
      <Filter>Header Files\Engine</Filter>
    </ClInclude>
    <ClInclude Include="_SourceFiles\MaterialEditor.h">
      <Filter>Header Files\MFC\Dialogs</Filter>
    </ClInclude>
  </ItemGroup>
  <ItemGroup>
    <ClCompile Include="_SourceFiles\MainWin.cpp">
      <Filter>Source Files\MFC</Filter>
    </ClCompile>
    <ClCompile Include="_SourceFiles\MainApp.cpp">
      <Filter>Source Files\MFC</Filter>
    </ClCompile>
    <ClCompile Include="_SourceFiles\MainDoc.cpp">
      <Filter>Source Files\MFC</Filter>
    </ClCompile>
    <ClCompile Include="_SourceFiles\MainView.cpp">
      <Filter>Source Files\MFC</Filter>
    </ClCompile>
    <ClCompile Include="_SourceFiles\D3DGraphics.cpp">
      <Filter>Source Files\Engine</Filter>
    </ClCompile>
    <ClCompile Include="_SourceFiles\Project.cpp">
      <Filter>Source Files\Engine</Filter>
    </ClCompile>
    <ClCompile Include="_SourceFiles\Scene.cpp">
      <Filter>Source Files\Engine</Filter>
    </ClCompile>
    <ClCompile Include="_SourceFiles\SceneRenderer.cpp">
      <Filter>Source Files\Engine</Filter>
    </ClCompile>
    <ClCompile Include="_SourceFiles\Gameobject.cpp">
      <Filter>Source Files\Engine\Gameobject</Filter>
    </ClCompile>
    <ClCompile Include="_SourceFiles\Component.cpp">
      <Filter>Source Files\Engine\Gameobject</Filter>
    </ClCompile>
    <ClCompile Include="_SourceFiles\Transform.cpp">
      <Filter>Source Files\Engine\Gameobject</Filter>
    </ClCompile>
    <ClCompile Include="_SourceFiles\DialogObjProp.cpp">
      <Filter>Source Files\MFC\Dialogs</Filter>
    </ClCompile>
    <ClCompile Include="_SourceFiles\DialogObjList.cpp">
      <Filter>Source Files\MFC\Dialogs</Filter>
    </ClCompile>
    <ClCompile Include="_SourceFiles\MeshRenderer.cpp">
      <Filter>Source Files\Engine\Gameobject</Filter>
    </ClCompile>
    <ClCompile Include="_SourceFiles\Mesh.cpp">
      <Filter>Source Files\Engine\Gameobject</Filter>
    </ClCompile>
    <ClCompile Include="_SourceFiles\Camera.cpp">
      <Filter>Source Files\Engine\Gameobject</Filter>
    </ClCompile>
    <ClCompile Include="_SourceFiles\Light.cpp">
      <Filter>Source Files\Engine\Gameobject</Filter>
    </ClCompile>
    <ClCompile Include="_SourceFiles\CustomBehaviour.cpp">
      <Filter>Source Files\Engine\Gameobject\Custom Scripts</Filter>
    </ClCompile>
    <ClCompile Include="_SourceFiles\KeyboardInput.cpp">
      <Filter>Source Files\Engine</Filter>
    </ClCompile>
    <ClCompile Include="_SourceFiles\GlobalPointerDef.cpp">
      <Filter>Source Files\Engine</Filter>
    </ClCompile>
    <ClCompile Include="_SourceFiles\Vector.cpp">
      <Filter>Source Files\Engine\Gameobject\Physics</Filter>
    </ClCompile>
    <ClCompile Include="_SourceFiles\PhysicsController.cpp">
      <Filter>Source Files\Engine\Gameobject\Physics</Filter>
    </ClCompile>
    <ClCompile Include="_SourceFiles\MainSplitter.cpp">
      <Filter>Source Files\MFC</Filter>
    </ClCompile>
    <ClCompile Include="_SourceFiles\MouseInput.cpp">
      <Filter>Source Files\Engine</Filter>
    </ClCompile>
    <ClCompile Include="_SourceFiles\MaterialEditor.cpp">
      <Filter>Source Files\MFC\Dialogs</Filter>
    </ClCompile>
  </ItemGroup>
  <ItemGroup>
    <ResourceCompile Include="MFCEngine.rc">
      <Filter>Resource Files</Filter>
    </ResourceCompile>
  </ItemGroup>
</Project>